
Microsoft Visual Studio Solution File, Format Version 12.00
# Visual Studio Version 17
VisualStudioVersion = 17.0.32002.185
MinimumVisualStudioVersion = 10.0.40219.1
Project("{9A19103F-16F7-4668-BE54-9A1E7A4F7556}") = "HoloHealthSystem.Api", "HoloHealthSystem.Api\HoloHealthSystem.Api.csproj", "{57B2872A-9AB5-4F9A-A50B-DC4089BF1E89}"
EndProject
Project("{9A19103F-16F7-4668-BE54-9A1E7A4F7556}") = "HoloHealthSystem.Domain", "HoloHealthSystem.Domain\HoloHealthSystem.Domain.csproj", "{F351DE97-FD78-4027-87E4-3757F3DFB8F2}"
EndProject
Project("{9A19103F-16F7-4668-BE54-9A1E7A4F7556}") = "HoloHealthSystem.Domain.Infra", "HoloHealthSystem.Domain.Infra\HoloHealthSystem.Domain.Infra.csproj", "{8DED0A9F-11C1-4D4A-864A-1DA89318FD20}"
EndProject
Project("{9A19103F-16F7-4668-BE54-9A1E7A4F7556}") = "HoloHealthSystem.Domain.Tests", "HoloHealthSystem.Domain.Tests\HoloHealthSystem.Domain.Tests.csproj", "{4EA1EE48-5683-42BA-9D83-E1B186AE5A36}"
EndProject
Project("{2150E333-8FDC-42A3-9474-1A3956D46DE8}") = "Solution Items", "Solution Items", "{E5E8D068-8BD2-4B51-AA9C-2D6DF4FDA8C2}"
	ProjectSection(SolutionItems) = preProject
		.editorconfig = .editorconfig
	EndProjectSection
EndProject
Global
	GlobalSection(SolutionConfigurationPlatforms) = preSolution
		Debug|Any CPU = Debug|Any CPU
		Release|Any CPU = Release|Any CPU
	EndGlobalSection
	GlobalSection(ProjectConfigurationPlatforms) = postSolution
		{57B2872A-9AB5-4F9A-A50B-DC4089BF1E89}.Debug|Any CPU.ActiveCfg = Debug|Any CPU
		{57B2872A-9AB5-4F9A-A50B-DC4089BF1E89}.Debug|Any CPU.Build.0 = Debug|Any CPU
		{57B2872A-9AB5-4F9A-A50B-DC4089BF1E89}.Release|Any CPU.ActiveCfg = Release|Any CPU
		{57B2872A-9AB5-4F9A-A50B-DC4089BF1E89}.Release|Any CPU.Build.0 = Release|Any CPU
		{F351DE97-FD78-4027-87E4-3757F3DFB8F2}.Debug|Any CPU.ActiveCfg = Debug|Any CPU
		{F351DE97-FD78-4027-87E4-3757F3DFB8F2}.Debug|Any CPU.Build.0 = Debug|Any CPU
		{F351DE97-FD78-4027-87E4-3757F3DFB8F2}.Release|Any CPU.ActiveCfg = Release|Any CPU
		{F351DE97-FD78-4027-87E4-3757F3DFB8F2}.Release|Any CPU.Build.0 = Release|Any CPU
		{8DED0A9F-11C1-4D4A-864A-1DA89318FD20}.Debug|Any CPU.ActiveCfg = Debug|Any CPU
		{8DED0A9F-11C1-4D4A-864A-1DA89318FD20}.Debug|Any CPU.Build.0 = Debug|Any CPU
		{8DED0A9F-11C1-4D4A-864A-1DA89318FD20}.Release|Any CPU.ActiveCfg = Release|Any CPU
		{8DED0A9F-11C1-4D4A-864A-1DA89318FD20}.Release|Any CPU.Build.0 = Release|Any CPU
		{4EA1EE48-5683-42BA-9D83-E1B186AE5A36}.Debug|Any CPU.ActiveCfg = Debug|Any CPU
		{4EA1EE48-5683-42BA-9D83-E1B186AE5A36}.Debug|Any CPU.Build.0 = Debug|Any CPU
		{4EA1EE48-5683-42BA-9D83-E1B186AE5A36}.Release|Any CPU.ActiveCfg = Release|Any CPU
		{4EA1EE48-5683-42BA-9D83-E1B186AE5A36}.Release|Any CPU.Build.0 = Release|Any CPU
	EndGlobalSection
	GlobalSection(SolutionProperties) = preSolution
		HideSolutionNode = FALSE
	EndGlobalSection
	GlobalSection(ExtensibilityGlobals) = postSolution
		SolutionGuid = {18F5FF3F-182A-47C0-9240-BA0E35915300}
	EndGlobalSection
EndGlobal
